
Microsoft Visual Studio Solution File, Format Version 12.00
# Visual Studio 15
VisualStudioVersion = 15.0.28307.168
MinimumVisualStudioVersion = 10.0.40219.1
Project("{9A19103F-16F7-4668-BE54-9A1E7A4F7556}") = "WeatherApplication", "WeatherApplication\WeatherApplication\WeatherApplication.csproj", "{4F0626B6-7260-44B4-8AC8-B53AD42FF2E2}"
EndProject
Project("{FAE04EC0-301F-11D3-BF4B-00C04F79EFBC}") = "WeatherApplication.Android", "WeatherApplication\WeatherApplication.Android\WeatherApplication.Android.csproj", "{3D226605-5B9C-4DD6-ADDD-5DCBA892E1DB}"
EndProject
Project("{FAE04EC0-301F-11D3-BF4B-00C04F79EFBC}") = "WeatherApplication.iOS", "WeatherApplication\WeatherApplication.iOS\WeatherApplication.iOS.csproj", "{A312E3AF-0AE3-46AC-BD87-AD012EC54F44}"
EndProject
Project("{2150E333-8FDC-42A3-9474-1A3956D46DE8}") = "Solution Items", "Solution Items", "{65648A4E-8D2A-4575-B7DD-D4F04F99029D}"
	ProjectSection(SolutionItems) = preProject
		.editorconfig = .editorconfig
	EndProjectSection
EndProject
Global
	GlobalSection(SolutionConfigurationPlatforms) = preSolution
		Ad-Hoc|Any CPU = Ad-Hoc|Any CPU
		Ad-Hoc|iPhone = Ad-Hoc|iPhone
		Ad-Hoc|iPhoneSimulator = Ad-Hoc|iPhoneSimulator
		AppStore|Any CPU = AppStore|Any CPU
		AppStore|iPhone = AppStore|iPhone
		AppStore|iPhoneSimulator = AppStore|iPhoneSimulator
		Debug|Any CPU = Debug|Any CPU
		Debug|iPhone = Debug|iPhone
		Debug|iPhoneSimulator = Debug|iPhoneSimulator
		Release|Any CPU = Release|Any CPU
		Release|iPhone = Release|iPhone
		Release|iPhoneSimulator = Release|iPhoneSimulator
	EndGlobalSection
	GlobalSection(ProjectConfigurationPlatforms) = postSolution
		{4F0626B6-7260-44B4-8AC8-B53AD42FF2E2}.Ad-Hoc|Any CPU.ActiveCfg = Debug|Any CPU
		{4F0626B6-7260-44B4-8AC8-B53AD42FF2E2}.Ad-Hoc|Any CPU.Build.0 = Debug|Any CPU
		{4F0626B6-7260-44B4-8AC8-B53AD42FF2E2}.Ad-Hoc|iPhone.ActiveCfg = Debug|Any CPU
		{4F0626B6-7260-44B4-8AC8-B53AD42FF2E2}.Ad-Hoc|iPhone.Build.0 = Debug|Any CPU
		{4F0626B6-7260-44B4-8AC8-B53AD42FF2E2}.Ad-Hoc|iPhoneSimulator.ActiveCfg = Debug|Any CPU
		{4F0626B6-7260-44B4-8AC8-B53AD42FF2E2}.Ad-Hoc|iPhoneSimulator.Build.0 = Debug|Any CPU
		{4F0626B6-7260-44B4-8AC8-B53AD42FF2E2}.AppStore|Any CPU.ActiveCfg = Debug|Any CPU
		{4F0626B6-7260-44B4-8AC8-B53AD42FF2E2}.AppStore|Any CPU.Build.0 = Debug|Any CPU
		{4F0626B6-7260-44B4-8AC8-B53AD42FF2E2}.AppStore|iPhone.ActiveCfg = Debug|Any CPU
		{4F0626B6-7260-44B4-8AC8-B53AD42FF2E2}.AppStore|iPhone.Build.0 = Debug|Any CPU
		{4F0626B6-7260-44B4-8AC8-B53AD42FF2E2}.AppStore|iPhoneSimulator.ActiveCfg = Debug|Any CPU
		{4F0626B6-7260-44B4-8AC8-B53AD42FF2E2}.AppStore|iPhoneSimulator.Build.0 = Debug|Any CPU
		{4F0626B6-7260-44B4-8AC8-B53AD42FF2E2}.Debug|Any CPU.ActiveCfg = Debug|Any CPU
		{4F0626B6-7260-44B4-8AC8-B53AD42FF2E2}.Debug|Any CPU.Build.0 = Debug|Any CPU
		{4F0626B6-7260-44B4-8AC8-B53AD42FF2E2}.Debug|iPhone.ActiveCfg = Debug|Any CPU
		{4F0626B6-7260-44B4-8AC8-B53AD42FF2E2}.Debug|iPhone.Build.0 = Debug|Any CPU
		{4F0626B6-7260-44B4-8AC8-B53AD42FF2E2}.Debug|iPhoneSimulator.ActiveCfg = Debug|Any CPU
		{4F0626B6-7260-44B4-8AC8-B53AD42FF2E2}.Debug|iPhoneSimulator.Build.0 = Debug|Any CPU
		{4F0626B6-7260-44B4-8AC8-B53AD42FF2E2}.Release|Any CPU.ActiveCfg = Release|Any CPU
		{4F0626B6-7260-44B4-8AC8-B53AD42FF2E2}.Release|Any CPU.Build.0 = Release|Any CPU
		{4F0626B6-7260-44B4-8AC8-B53AD42FF2E2}.Release|iPhone.ActiveCfg = Release|Any CPU
		{4F0626B6-7260-44B4-8AC8-B53AD42FF2E2}.Release|iPhone.Build.0 = Release|Any CPU
		{4F0626B6-7260-44B4-8AC8-B53AD42FF2E2}.Release|iPhoneSimulator.ActiveCfg = Release|Any CPU
		{4F0626B6-7260-44B4-8AC8-B53AD42FF2E2}.Release|iPhoneSimulator.Build.0 = Release|Any CPU
		{3D226605-5B9C-4DD6-ADDD-5DCBA892E1DB}.Ad-Hoc|Any CPU.ActiveCfg = Release|Any CPU
		{3D226605-5B9C-4DD6-ADDD-5DCBA892E1DB}.Ad-Hoc|Any CPU.Build.0 = Release|Any CPU
		{3D226605-5B9C-4DD6-ADDD-5DCBA892E1DB}.Ad-Hoc|Any CPU.Deploy.0 = Release|Any CPU
		{3D226605-5B9C-4DD6-ADDD-5DCBA892E1DB}.Ad-Hoc|iPhone.ActiveCfg = Release|Any CPU
		{3D226605-5B9C-4DD6-ADDD-5DCBA892E1DB}.Ad-Hoc|iPhone.Build.0 = Release|Any CPU
		{3D226605-5B9C-4DD6-ADDD-5DCBA892E1DB}.Ad-Hoc|iPhone.Deploy.0 = Release|Any CPU
		{3D226605-5B9C-4DD6-ADDD-5DCBA892E1DB}.Ad-Hoc|iPhoneSimulator.ActiveCfg = Release|Any CPU
		{3D226605-5B9C-4DD6-ADDD-5DCBA892E1DB}.Ad-Hoc|iPhoneSimulator.Build.0 = Release|Any CPU
		{3D226605-5B9C-4DD6-ADDD-5DCBA892E1DB}.Ad-Hoc|iPhoneSimulator.Deploy.0 = Release|Any CPU
		{3D226605-5B9C-4DD6-ADDD-5DCBA892E1DB}.AppStore|Any CPU.ActiveCfg = Release|Any CPU
		{3D226605-5B9C-4DD6-ADDD-5DCBA892E1DB}.AppStore|Any CPU.Build.0 = Release|Any CPU
		{3D226605-5B9C-4DD6-ADDD-5DCBA892E1DB}.AppStore|Any CPU.Deploy.0 = Release|Any CPU
		{3D226605-5B9C-4DD6-ADDD-5DCBA892E1DB}.AppStore|iPhone.ActiveCfg = Release|Any CPU
		{3D226605-5B9C-4DD6-ADDD-5DCBA892E1DB}.AppStore|iPhone.Build.0 = Release|Any CPU
		{3D226605-5B9C-4DD6-ADDD-5DCBA892E1DB}.AppStore|iPhone.Deploy.0 = Release|Any CPU
		{3D226605-5B9C-4DD6-ADDD-5DCBA892E1DB}.AppStore|iPhoneSimulator.ActiveCfg = Release|Any CPU
		{3D226605-5B9C-4DD6-ADDD-5DCBA892E1DB}.AppStore|iPhoneSimulator.Build.0 = Release|Any CPU
		{3D226605-5B9C-4DD6-ADDD-5DCBA892E1DB}.AppStore|iPhoneSimulator.Deploy.0 = Release|Any CPU
		{3D226605-5B9C-4DD6-ADDD-5DCBA892E1DB}.Debug|Any CPU.ActiveCfg = Debug|Any CPU
		{3D226605-5B9C-4DD6-ADDD-5DCBA892E1DB}.Debug|Any CPU.Build.0 = Debug|Any CPU
		{3D226605-5B9C-4DD6-ADDD-5DCBA892E1DB}.Debug|Any CPU.Deploy.0 = Debug|Any CPU
		{3D226605-5B9C-4DD6-ADDD-5DCBA892E1DB}.Debug|iPhone.ActiveCfg = Debug|Any CPU
		{3D226605-5B9C-4DD6-ADDD-5DCBA892E1DB}.Debug|iPhone.Build.0 = Debug|Any CPU
		{3D226605-5B9C-4DD6-ADDD-5DCBA892E1DB}.Debug|iPhone.Deploy.0 = Debug|Any CPU
		{3D226605-5B9C-4DD6-ADDD-5DCBA892E1DB}.Debug|iPhoneSimulator.ActiveCfg = Debug|Any CPU
		{3D226605-5B9C-4DD6-ADDD-5DCBA892E1DB}.Debug|iPhoneSimulator.Build.0 = Debug|Any CPU
		{3D226605-5B9C-4DD6-ADDD-5DCBA892E1DB}.Debug|iPhoneSimulator.Deploy.0 = Debug|Any CPU
		{3D226605-5B9C-4DD6-ADDD-5DCBA892E1DB}.Release|Any CPU.ActiveCfg = Release|Any CPU
		{3D226605-5B9C-4DD6-ADDD-5DCBA892E1DB}.Release|Any CPU.Build.0 = Release|Any CPU
		{3D226605-5B9C-4DD6-ADDD-5DCBA892E1DB}.Release|Any CPU.Deploy.0 = Release|Any CPU
		{3D226605-5B9C-4DD6-ADDD-5DCBA892E1DB}.Release|iPhone.ActiveCfg = Release|Any CPU
		{3D226605-5B9C-4DD6-ADDD-5DCBA892E1DB}.Release|iPhone.Build.0 = Release|Any CPU
		{3D226605-5B9C-4DD6-ADDD-5DCBA892E1DB}.Release|iPhone.Deploy.0 = Release|Any CPU
		{3D226605-5B9C-4DD6-ADDD-5DCBA892E1DB}.Release|iPhoneSimulator.ActiveCfg = Release|Any CPU
		{3D226605-5B9C-4DD6-ADDD-5DCBA892E1DB}.Release|iPhoneSimulator.Build.0 = Release|Any CPU
		{3D226605-5B9C-4DD6-ADDD-5DCBA892E1DB}.Release|iPhoneSimulator.Deploy.0 = Release|Any CPU
		{A312E3AF-0AE3-46AC-BD87-AD012EC54F44}.Ad-Hoc|Any CPU.ActiveCfg = Ad-Hoc|iPhone
		{A312E3AF-0AE3-46AC-BD87-AD012EC54F44}.Ad-Hoc|iPhone.ActiveCfg = Ad-Hoc|iPhone
		{A312E3AF-0AE3-46AC-BD87-AD012EC54F44}.Ad-Hoc|iPhone.Build.0 = Ad-Hoc|iPhone
		{A312E3AF-0AE3-46AC-BD87-AD012EC54F44}.Ad-Hoc|iPhoneSimulator.ActiveCfg = Ad-Hoc|iPhoneSimulator
		{A312E3AF-0AE3-46AC-BD87-AD012EC54F44}.Ad-Hoc|iPhoneSimulator.Build.0 = Ad-Hoc|iPhoneSimulator
		{A312E3AF-0AE3-46AC-BD87-AD012EC54F44}.AppStore|Any CPU.ActiveCfg = AppStore|iPhone
		{A312E3AF-0AE3-46AC-BD87-AD012EC54F44}.AppStore|iPhone.ActiveCfg = AppStore|iPhone
		{A312E3AF-0AE3-46AC-BD87-AD012EC54F44}.AppStore|iPhone.Build.0 = AppStore|iPhone
		{A312E3AF-0AE3-46AC-BD87-AD012EC54F44}.AppStore|iPhoneSimulator.ActiveCfg = AppStore|iPhoneSimulator
		{A312E3AF-0AE3-46AC-BD87-AD012EC54F44}.AppStore|iPhoneSimulator.Build.0 = AppStore|iPhoneSimulator
		{A312E3AF-0AE3-46AC-BD87-AD012EC54F44}.Debug|Any CPU.ActiveCfg = Debug|iPhone
		{A312E3AF-0AE3-46AC-BD87-AD012EC54F44}.Debug|iPhone.ActiveCfg = Debug|iPhone
		{A312E3AF-0AE3-46AC-BD87-AD012EC54F44}.Debug|iPhone.Build.0 = Debug|iPhone
		{A312E3AF-0AE3-46AC-BD87-AD012EC54F44}.Debug|iPhoneSimulator.ActiveCfg = Debug|iPhoneSimulator
		{A312E3AF-0AE3-46AC-BD87-AD012EC54F44}.Debug|iPhoneSimulator.Build.0 = Debug|iPhoneSimulator
		{A312E3AF-0AE3-46AC-BD87-AD012EC54F44}.Release|Any CPU.ActiveCfg = Release|iPhone
		{A312E3AF-0AE3-46AC-BD87-AD012EC54F44}.Release|iPhone.ActiveCfg = Release|iPhone
		{A312E3AF-0AE3-46AC-BD87-AD012EC54F44}.Release|iPhone.Build.0 = Release|iPhone
		{A312E3AF-0AE3-46AC-BD87-AD012EC54F44}.Release|iPhoneSimulator.ActiveCfg = Release|iPhoneSimulator
		{A312E3AF-0AE3-46AC-BD87-AD012EC54F44}.Release|iPhoneSimulator.Build.0 = Release|iPhoneSimulator
	EndGlobalSection
	GlobalSection(SolutionProperties) = preSolution
		HideSolutionNode = FALSE
	EndGlobalSection
	GlobalSection(ExtensibilityGlobals) = postSolution
		SolutionGuid = {496AAE43-55AD-48B6-AFBC-10C236164204}
	EndGlobalSection
EndGlobal
